
Microsoft Visual Studio Solution File, Format Version 12.00
# Visual Studio Version 16
VisualStudioVersion = 16.0.31424.327
MinimumVisualStudioVersion = 10.0.40219.1
Project("{FAE04EC0-301F-11D3-BF4B-00C04F79EFBC}") = "AdvancedCalc", "AdvancedCalc.csproj", "{C3ACB59B-CDB0-4E72-85B2-1EC41B3CEE52}"
EndProject
Global
	GlobalSection(SolutionConfigurationPlatforms) = preSolution
		Debug|Any CPU = Debug|Any CPU
		Release|Any CPU = Release|Any CPU
	EndGlobalSection
	GlobalSection(ProjectConfigurationPlatforms) = postSolution
		{C3ACB59B-CDB0-4E72-85B2-1EC41B3CEE52}.Debug|Any CPU.ActiveCfg = Debug|Any CPU
		{C3ACB59B-CDB0-4E72-85B2-1EC41B3CEE52}.Debug|Any CPU.Build.0 = Debug|Any CPU
		{C3ACB59B-CDB0-4E72-85B2-1EC41B3CEE52}.Release|Any CPU.ActiveCfg = Release|Any CPU
		{C3ACB59B-CDB0-4E72-85B2-1EC41B3CEE52}.Release|Any CPU.Build.0 = Release|Any CPU
	EndGlobalSection
	GlobalSection(SolutionProperties) = preSolution
		HideSolutionNode = FALSE
	EndGlobalSection
	GlobalSection(ExtensibilityGlobals) = postSolution
		SolutionGuid = {66D71094-988E-4012-9A13-97295BE7B1DD}
	EndGlobalSection
EndGlobal
